
Microsoft Visual Studio Solution File, Format Version 12.00
# Visual Studio Version 17
VisualStudioVersion = 17.12.35527.113
MinimumVisualStudioVersion = 10.0.40219.1
Project("{2150E333-8FDC-42A3-9474-1A3956D46DE8}") = "Core", "Core", "{49FD98CC-758A-4053-8BD6-4C4668BDB514}"
EndProject
Project("{FAE04EC0-301F-11D3-BF4B-00C04F79EFBC}") = "SGHT.Domain", "SGHT.Domain\SGHT.Domain.csproj", "{8A868AA5-7B30-41A8-BAEA-3DC3B089FCD7}"
EndProject
Project("{FAE04EC0-301F-11D3-BF4B-00C04F79EFBC}") = "SGHT.Model", "SGHT.Model\SGHT.Model.csproj", "{83211930-E430-4CB9-A893-7EEBC30C3FD8}"
EndProject
Project("{2150E333-8FDC-42A3-9474-1A3956D46DE8}") = "API", "API", "{0F2DC744-18E8-44CF-955F-571B102F3660}"
EndProject
Project("{2150E333-8FDC-42A3-9474-1A3956D46DE8}") = "Web", "Web", "{BC32D940-94D1-469D-9E33-0A71088617E2}"
EndProject
Project("{2150E333-8FDC-42A3-9474-1A3956D46DE8}") = "Test", "Test", "{0A4F37B7-5FBD-4262-B89F-29525D8E14D6}"
EndProject
Project("{2150E333-8FDC-42A3-9474-1A3956D46DE8}") = "Application", "Application", "{ACB75E9A-F944-44B7-90D2-0519350439BC}"
EndProject
Project("{2150E333-8FDC-42A3-9474-1A3956D46DE8}") = "Infraestructure", "Infraestructure", "{A223B9A6-BE04-48A5-9DF7-ED0B7CC8043E}"
EndProject
Project("{FAE04EC0-301F-11D3-BF4B-00C04F79EFBC}") = "SGHT.Infraestructure", "SGHT.Infraestructure\SGHT.Infraestructure.csproj", "{07349B43-F968-449B-8905-3EF220702EFB}"
EndProject
Project("{FAE04EC0-301F-11D3-BF4B-00C04F79EFBC}") = "SGHT.Persistance", "SGHT.Persistance\SGHT.Persistance.csproj", "{998FC0EC-A594-443D-8A43-406D2E561AB9}"
EndProject
Project("{FAE04EC0-301F-11D3-BF4B-00C04F79EFBC}") = "SGHT.Application", "SGHT.Application\SGHT.Application.csproj", "{FE1EE3CD-6919-45EB-8CB4-DF2007F1A0F1}"
EndProject
Project("{2150E333-8FDC-42A3-9474-1A3956D46DE8}") = "IOC", "IOC", "{854057B3-A941-4ABE-B2A1-0617914446F3}"
EndProject
Project("{FAE04EC0-301F-11D3-BF4B-00C04F79EFBC}") = "SGHT.IOC", "SGHT.IOC\SGHT.IOC.csproj", "{46DCF9F7-6E62-4D7A-B3F8-E78E43CF75F9}"
EndProject
Project("{FAE04EC0-301F-11D3-BF4B-00C04F79EFBC}") = "SGHT.API", "SGHT.API\SGHT.API.csproj", "{6E02CDD2-33C3-4722-8336-E4E0E023A982}"
EndProject
Project("{FAE04EC0-301F-11D3-BF4B-00C04F79EFBC}") = "SGHT.Persistance.Test", "SGHT.Persistance.Test\SGHT.Persistance.Test.csproj", "{52310FD1-72BE-4E6B-97A8-666310FF0F7F}"
EndProject
Project("{FAE04EC0-301F-11D3-BF4B-00C04F79EFBC}") = "SGHT.Application.Test", "SGHT.Application.Test\SGHT.Application.Test.csproj", "{2A6CDBC8-7195-41B0-88D3-CED4DD59C713}"
EndProject
Project("{FAE04EC0-301F-11D3-BF4B-00C04F79EFBC}") = "SGHT.Web", "SGH.Web\SGHT.Web.csproj", "{AACCE3CC-4FD0-44EE-9B6C-871925AF0E6C}"
EndProject
Global
	GlobalSection(SolutionConfigurationPlatforms) = preSolution
		Debug|Any CPU = Debug|Any CPU
		Release|Any CPU = Release|Any CPU
	EndGlobalSection
	GlobalSection(ProjectConfigurationPlatforms) = postSolution
		{8A868AA5-7B30-41A8-BAEA-3DC3B089FCD7}.Debug|Any CPU.ActiveCfg = Debug|Any CPU
		{8A868AA5-7B30-41A8-BAEA-3DC3B089FCD7}.Debug|Any CPU.Build.0 = Debug|Any CPU
		{8A868AA5-7B30-41A8-BAEA-3DC3B089FCD7}.Release|Any CPU.ActiveCfg = Release|Any CPU
		{8A868AA5-7B30-41A8-BAEA-3DC3B089FCD7}.Release|Any CPU.Build.0 = Release|Any CPU
		{83211930-E430-4CB9-A893-7EEBC30C3FD8}.Debug|Any CPU.ActiveCfg = Debug|Any CPU
		{83211930-E430-4CB9-A893-7EEBC30C3FD8}.Debug|Any CPU.Build.0 = Debug|Any CPU
		{83211930-E430-4CB9-A893-7EEBC30C3FD8}.Release|Any CPU.ActiveCfg = Release|Any CPU
		{83211930-E430-4CB9-A893-7EEBC30C3FD8}.Release|Any CPU.Build.0 = Release|Any CPU
		{07349B43-F968-449B-8905-3EF220702EFB}.Debug|Any CPU.ActiveCfg = Debug|Any CPU
		{07349B43-F968-449B-8905-3EF220702EFB}.Debug|Any CPU.Build.0 = Debug|Any CPU
		{07349B43-F968-449B-8905-3EF220702EFB}.Release|Any CPU.ActiveCfg = Release|Any CPU
		{07349B43-F968-449B-8905-3EF220702EFB}.Release|Any CPU.Build.0 = Release|Any CPU
		{998FC0EC-A594-443D-8A43-406D2E561AB9}.Debug|Any CPU.ActiveCfg = Debug|Any CPU
		{998FC0EC-A594-443D-8A43-406D2E561AB9}.Debug|Any CPU.Build.0 = Debug|Any CPU
		{998FC0EC-A594-443D-8A43-406D2E561AB9}.Release|Any CPU.ActiveCfg = Release|Any CPU
		{998FC0EC-A594-443D-8A43-406D2E561AB9}.Release|Any CPU.Build.0 = Release|Any CPU
		{FE1EE3CD-6919-45EB-8CB4-DF2007F1A0F1}.Debug|Any CPU.ActiveCfg = Debug|Any CPU
		{FE1EE3CD-6919-45EB-8CB4-DF2007F1A0F1}.Debug|Any CPU.Build.0 = Debug|Any CPU
		{FE1EE3CD-6919-45EB-8CB4-DF2007F1A0F1}.Release|Any CPU.ActiveCfg = Release|Any CPU
		{FE1EE3CD-6919-45EB-8CB4-DF2007F1A0F1}.Release|Any CPU.Build.0 = Release|Any CPU
		{46DCF9F7-6E62-4D7A-B3F8-E78E43CF75F9}.Debug|Any CPU.ActiveCfg = Debug|Any CPU
		{46DCF9F7-6E62-4D7A-B3F8-E78E43CF75F9}.Debug|Any CPU.Build.0 = Debug|Any CPU
		{46DCF9F7-6E62-4D7A-B3F8-E78E43CF75F9}.Release|Any CPU.ActiveCfg = Release|Any CPU
		{46DCF9F7-6E62-4D7A-B3F8-E78E43CF75F9}.Release|Any CPU.Build.0 = Release|Any CPU
		{6E02CDD2-33C3-4722-8336-E4E0E023A982}.Debug|Any CPU.ActiveCfg = Debug|Any CPU
		{6E02CDD2-33C3-4722-8336-E4E0E023A982}.Debug|Any CPU.Build.0 = Debug|Any CPU
		{6E02CDD2-33C3-4722-8336-E4E0E023A982}.Release|Any CPU.ActiveCfg = Release|Any CPU
		{6E02CDD2-33C3-4722-8336-E4E0E023A982}.Release|Any CPU.Build.0 = Release|Any CPU
		{52310FD1-72BE-4E6B-97A8-666310FF0F7F}.Debug|Any CPU.ActiveCfg = Debug|Any CPU
		{52310FD1-72BE-4E6B-97A8-666310FF0F7F}.Debug|Any CPU.Build.0 = Debug|Any CPU
		{52310FD1-72BE-4E6B-97A8-666310FF0F7F}.Release|Any CPU.ActiveCfg = Release|Any CPU
		{52310FD1-72BE-4E6B-97A8-666310FF0F7F}.Release|Any CPU.Build.0 = Release|Any CPU
		{2A6CDBC8-7195-41B0-88D3-CED4DD59C713}.Debug|Any CPU.ActiveCfg = Debug|Any CPU
		{2A6CDBC8-7195-41B0-88D3-CED4DD59C713}.Debug|Any CPU.Build.0 = Debug|Any CPU
		{2A6CDBC8-7195-41B0-88D3-CED4DD59C713}.Release|Any CPU.ActiveCfg = Release|Any CPU
		{2A6CDBC8-7195-41B0-88D3-CED4DD59C713}.Release|Any CPU.Build.0 = Release|Any CPU
		{AACCE3CC-4FD0-44EE-9B6C-871925AF0E6C}.Debug|Any CPU.ActiveCfg = Debug|Any CPU
		{AACCE3CC-4FD0-44EE-9B6C-871925AF0E6C}.Debug|Any CPU.Build.0 = Debug|Any CPU
		{AACCE3CC-4FD0-44EE-9B6C-871925AF0E6C}.Release|Any CPU.ActiveCfg = Release|Any CPU
		{AACCE3CC-4FD0-44EE-9B6C-871925AF0E6C}.Release|Any CPU.Build.0 = Release|Any CPU
	EndGlobalSection
	GlobalSection(SolutionProperties) = preSolution
		HideSolutionNode = FALSE
	EndGlobalSection
	GlobalSection(NestedProjects) = preSolution
		{8A868AA5-7B30-41A8-BAEA-3DC3B089FCD7} = {49FD98CC-758A-4053-8BD6-4C4668BDB514}
		{83211930-E430-4CB9-A893-7EEBC30C3FD8} = {49FD98CC-758A-4053-8BD6-4C4668BDB514}
		{07349B43-F968-449B-8905-3EF220702EFB} = {A223B9A6-BE04-48A5-9DF7-ED0B7CC8043E}
		{998FC0EC-A594-443D-8A43-406D2E561AB9} = {A223B9A6-BE04-48A5-9DF7-ED0B7CC8043E}
		{FE1EE3CD-6919-45EB-8CB4-DF2007F1A0F1} = {ACB75E9A-F944-44B7-90D2-0519350439BC}
		{46DCF9F7-6E62-4D7A-B3F8-E78E43CF75F9} = {854057B3-A941-4ABE-B2A1-0617914446F3}
		{6E02CDD2-33C3-4722-8336-E4E0E023A982} = {0F2DC744-18E8-44CF-955F-571B102F3660}
		{52310FD1-72BE-4E6B-97A8-666310FF0F7F} = {0A4F37B7-5FBD-4262-B89F-29525D8E14D6}
		{2A6CDBC8-7195-41B0-88D3-CED4DD59C713} = {0A4F37B7-5FBD-4262-B89F-29525D8E14D6}
		{AACCE3CC-4FD0-44EE-9B6C-871925AF0E6C} = {BC32D940-94D1-469D-9E33-0A71088617E2}
	EndGlobalSection
EndGlobal
